// !$*UTF8*$!
{
	archiveVersion = 1;
	classes = {
	};
	objectVersion = 50;
	objects = {

/* Begin PBXBuildFile section */
		7329E9AA25DD2DD000AA2085 /* AppDelegate.swift in Sources */ = {isa = PBXBuildFile; fileRef = 7329E9A925DD2DD000AA2085 /* AppDelegate.swift */; };
		7329E9AE25DD2DD000AA2085 /* GameViewController.swift in Sources */ = {isa = PBXBuildFile; fileRef = 7329E9AD25DD2DD000AA2085 /* GameViewController.swift */; };
		7329E9B125DD2DD000AA2085 /* Main.storyboard in Resources */ = {isa = PBXBuildFile; fileRef = 7329E9AF25DD2DD000AA2085 /* Main.storyboard */; };
		7329E9B325DD2DD100AA2085 /* Assets.xcassets in Resources */ = {isa = PBXBuildFile; fileRef = 7329E9B225DD2DD100AA2085 /* Assets.xcassets */; };
		CF58133525FBADDC005B27FF /* frag.shader in Resources */ = {isa = PBXBuildFile; fileRef = CF58133425FBADDC005B27FF /* frag.shader */; };
		CF58133925FCC72A005B27FF /* Commodore Rounded v1.2.ttf in Resources */ = {isa = PBXBuildFile; fileRef = CF58133725FCC603005B27FF /* Commodore Rounded v1.2.ttf */; };
		CF58133C25FDE808005B27FF /* Scroller.swift in Sources */ = {isa = PBXBuildFile; fileRef = CF58133B25FDE808005B27FF /* Scroller.swift */; };
		CF9AA7E125FF668300DED25F /* GameStage.swift in Sources */ = {isa = PBXBuildFile; fileRef = CF9AA7E025FF668300DED25F /* GameStage.swift */; };
		CF9AA7E425FF669100DED25F /* MenuStage.swift in Sources */ = {isa = PBXBuildFile; fileRef = CF9AA7E325FF669100DED25F /* MenuStage.swift */; };
		CF9AA7E725FF66D000DED25F /* Renderer.swift in Sources */ = {isa = PBXBuildFile; fileRef = CF9AA7E625FF66D000DED25F /* Renderer.swift */; };
		CFBDC65925DFD66B00656C0E /* assets.scnassets in Resources */ = {isa = PBXBuildFile; fileRef = CFBDC65825DFD66B00656C0E /* assets.scnassets */; };
/* End PBXBuildFile section */

/* Begin PBXFileReference section */
		7329E9A625DD2DD000AA2085 /* SKlockrent.app */ = {isa = PBXFileReference; explicitFileType = wrapper.application; includeInIndex = 0; path = SKlockrent.app; sourceTree = BUILT_PRODUCTS_DIR; };
		7329E9A925DD2DD000AA2085 /* AppDelegate.swift */ = {isa = PBXFileReference; lastKnownFileType = sourcecode.swift; path = AppDelegate.swift; sourceTree = "<group>"; };
		7329E9AD25DD2DD000AA2085 /* GameViewController.swift */ = {isa = PBXFileReference; lastKnownFileType = sourcecode.swift; path = GameViewController.swift; sourceTree = "<group>"; };
		7329E9B025DD2DD000AA2085 /* Base */ = {isa = PBXFileReference; lastKnownFileType = file.storyboard; name = Base; path = Base.lproj/Main.storyboard; sourceTree = "<group>"; };
		7329E9B225DD2DD100AA2085 /* Assets.xcassets */ = {isa = PBXFileReference; lastKnownFileType = folder.assetcatalog; path = Assets.xcassets; sourceTree = "<group>"; };
		7329E9B425DD2DD100AA2085 /* Info.plist */ = {isa = PBXFileReference; lastKnownFileType = text.plist.xml; path = Info.plist; sourceTree = "<group>"; };
		CF58133425FBADDC005B27FF /* frag.shader */ = {isa = PBXFileReference; lastKnownFileType = text; path = frag.shader; sourceTree = "<group>"; };
		CF58133725FCC603005B27FF /* Commodore Rounded v1.2.ttf */ = {isa = PBXFileReference; lastKnownFileType = file; path = "Commodore Rounded v1.2.ttf"; sourceTree = "<group>"; };
		CF58133B25FDE808005B27FF /* Scroller.swift */ = {isa = PBXFileReference; lastKnownFileType = sourcecode.swift; path = Scroller.swift; sourceTree = "<group>"; };
		CF9AA7E025FF668300DED25F /* GameStage.swift */ = {isa = PBXFileReference; lastKnownFileType = sourcecode.swift; path = GameStage.swift; sourceTree = "<group>"; };
		CF9AA7E325FF669100DED25F /* MenuStage.swift */ = {isa = PBXFileReference; lastKnownFileType = sourcecode.swift; path = MenuStage.swift; sourceTree = "<group>"; };
		CF9AA7E625FF66D000DED25F /* Renderer.swift */ = {isa = PBXFileReference; lastKnownFileType = sourcecode.swift; path = Renderer.swift; sourceTree = "<group>"; };
		CFBDC65825DFD66B00656C0E /* assets.scnassets */ = {isa = PBXFileReference; lastKnownFileType = wrapper.scnassets; path = assets.scnassets; sourceTree = "<group>"; };
/* End PBXFileReference section */

/* Begin PBXFrameworksBuildPhase section */
		7329E9A325DD2DD000AA2085 /* Frameworks */ = {
			isa = PBXFrameworksBuildPhase;
			buildActionMask = 2147483647;
			files = (
			);
			runOnlyForDeploymentPostprocessing = 0;
		};
/* End PBXFrameworksBuildPhase section */

/* Begin PBXGroup section */
		7329E99D25DD2DD000AA2085 = {
			isa = PBXGroup;
			children = (
				7329E9A825DD2DD000AA2085 /* SKlockrent */,
				7329E9A725DD2DD000AA2085 /* Products */,
			);
			sourceTree = "<group>";
		};
		7329E9A725DD2DD000AA2085 /* Products */ = {
			isa = PBXGroup;
			children = (
				7329E9A625DD2DD000AA2085 /* SKlockrent.app */,
			);
			name = Products;
			sourceTree = "<group>";
		};
		7329E9A825DD2DD000AA2085 /* SKlockrent */ = {
			isa = PBXGroup;
			children = (
				CF58133325FBADBB005B27FF /* shaders */,
				CF58133125FBAAD2005B27FF /* gfx */,
				7329E9A925DD2DD000AA2085 /* AppDelegate.swift */,
				7329E9AD25DD2DD000AA2085 /* GameViewController.swift */,
				CF58133B25FDE808005B27FF /* Scroller.swift */,
				7329E9AF25DD2DD000AA2085 /* Main.storyboard */,
				7329E9B225DD2DD100AA2085 /* Assets.xcassets */,
				7329E9B425DD2DD100AA2085 /* Info.plist */,
				CFBDC65825DFD66B00656C0E /* assets.scnassets */,
				CF9AA7E025FF668300DED25F /* GameStage.swift */,
				CF9AA7E325FF669100DED25F /* MenuStage.swift */,
				CF9AA7E625FF66D000DED25F /* Renderer.swift */,
			);
			path = SKlockrent;
			sourceTree = "<group>";
		};
		CF58133125FBAAD2005B27FF /* gfx */ = {
			isa = PBXGroup;
			children = (
				CF58133725FCC603005B27FF /* Commodore Rounded v1.2.ttf */,
			);
			path = gfx;
			sourceTree = "<group>";
		};
		CF58133325FBADBB005B27FF /* shaders */ = {
			isa = PBXGroup;
			children = (
				CF58133425FBADDC005B27FF /* frag.shader */,
			);
			path = shaders;
			sourceTree = "<group>";
		};
/* End PBXGroup section */

/* Begin PBXNativeTarget section */
		7329E9A525DD2DD000AA2085 /* SKlockrent */ = {
			isa = PBXNativeTarget;
			buildConfigurationList = 7329E9B725DD2DD100AA2085 /* Build configuration list for PBXNativeTarget "SKlockrent" */;
			buildPhases = (
				7329E9A225DD2DD000AA2085 /* Sources */,
				7329E9A325DD2DD000AA2085 /* Frameworks */,
				7329E9A425DD2DD000AA2085 /* Resources */,
			);
			buildRules = (
			);
			dependencies = (
			);
			name = SKlockrent;
			productName = SKlockrent;
			productReference = 7329E9A625DD2DD000AA2085 /* SKlockrent.app */;
			productType = "com.apple.product-type.application";
		};
/* End PBXNativeTarget section */

/* Begin PBXProject section */
		7329E99E25DD2DD000AA2085 /* Project object */ = {
			isa = PBXProject;
			attributes = {
				LastSwiftUpdateCheck = 1240;
				LastUpgradeCheck = 1240;
				TargetAttributes = {
					7329E9A525DD2DD000AA2085 = {
						CreatedOnToolsVersion = 12.4;
					};
				};
			};
			buildConfigurationList = 7329E9A125DD2DD000AA2085 /* Build configuration list for PBXProject "SKlockrent" */;
			compatibilityVersion = "Xcode 9.3";
			developmentRegion = en;
			hasScannedForEncodings = 0;
			knownRegions = (
				en,
				Base,
			);
			mainGroup = 7329E99D25DD2DD000AA2085;
			productRefGroup = 7329E9A725DD2DD000AA2085 /* Products */;
			projectDirPath = "";
			projectRoot = "";
			targets = (
				7329E9A525DD2DD000AA2085 /* SKlockrent */,
			);
		};
/* End PBXProject section */

/* Begin PBXResourcesBuildPhase section */
		7329E9A425DD2DD000AA2085 /* Resources */ = {
			isa = PBXResourcesBuildPhase;
			buildActionMask = 2147483647;
			files = (
				7329E9B325DD2DD100AA2085 /* Assets.xcassets in Resources */,
				CF58133925FCC72A005B27FF /* Commodore Rounded v1.2.ttf in Resources */,
				CFBDC65925DFD66B00656C0E /* assets.scnassets in Resources */,
				7329E9B125DD2DD000AA2085 /* Main.storyboard in Resources */,
				CF58133525FBADDC005B27FF /* frag.shader in Resources */,
			);
			runOnlyForDeploymentPostprocessing = 0;
		};
/* End PBXResourcesBuildPhase section */

/* Begin PBXSourcesBuildPhase section */
		7329E9A225DD2DD000AA2085 /* Sources */ = {
			isa = PBXSourcesBuildPhase;
			buildActionMask = 2147483647;
			files = (
				CF58133C25FDE808005B27FF /* Scroller.swift in Sources */,
				7329E9AE25DD2DD000AA2085 /* GameViewController.swift in Sources */,
				CF9AA7E725FF66D000DED25F /* Renderer.swift in Sources */,
				7329E9AA25DD2DD000AA2085 /* AppDelegate.swift in Sources */,
				CF9AA7E425FF669100DED25F /* MenuStage.swift in Sources */,
				CF9AA7E125FF668300DED25F /* GameStage.swift in Sources */,
			);
			runOnlyForDeploymentPostprocessing = 0;
		};
/* End PBXSourcesBuildPhase section */

/* Begin PBXVariantGroup section */
		7329E9AF25DD2DD000AA2085 /* Main.storyboard */ = {
			isa = PBXVariantGroup;
			children = (
				7329E9B025DD2DD000AA2085 /* Base */,
			);
			name = Main.storyboard;
			sourceTree = "<group>";
		};
/* End PBXVariantGroup section */

/* Begin XCBuildConfiguration section */
		7329E9B525DD2DD100AA2085 /* Debug */ = {
			isa = XCBuildConfiguration;
			buildSettings = {
				ALWAYS_SEARCH_USER_PATHS = NO;
				CLANG_ANALYZER_NONNULL = YES;
				CLANG_ANALYZER_NUMBER_OBJECT_CONVERSION = YES_AGGRESSIVE;
				CLANG_CXX_LANGUAGE_STANDARD = "gnu++14";
				CLANG_CXX_LIBRARY = "libc++";
				CLANG_ENABLE_MODULES = YES;
				CLANG_ENABLE_OBJC_ARC = YES;
				CLANG_ENABLE_OBJC_WEAK = YES;
				CLANG_WARN_BLOCK_CAPTURE_AUTORELEASING = YES;
				CLANG_WARN_BOOL_CONVERSION = YES;
				CLANG_WARN_COMMA = YES;
				CLANG_WARN_CONSTANT_CONVERSION = YES;
				CLANG_WARN_DEPRECATED_OBJC_IMPLEMENTATIONS = YES;
				CLANG_WARN_DIRECT_OBJC_ISA_USAGE = YES_ERROR;
				CLANG_WARN_DOCUMENTATION_COMMENTS = YES;
				CLANG_WARN_EMPTY_BODY = YES;
				CLANG_WARN_ENUM_CONVERSION = YES;
				CLANG_WARN_INFINITE_RECURSION = YES;
				CLANG_WARN_INT_CONVERSION = YES;
				CLANG_WARN_NON_LITERAL_NULL_CONVERSION = YES;
				CLANG_WARN_OBJC_IMPLICIT_RETAIN_SELF = YES;
				CLANG_WARN_OBJC_LITERAL_CONVERSION = YES;
				CLANG_WARN_OBJC_ROOT_CLASS = YES_ERROR;
				CLANG_WARN_QUOTED_INCLUDE_IN_FRAMEWORK_HEADER = YES;
				CLANG_WARN_RANGE_LOOP_ANALYSIS = YES;
				CLANG_WARN_STRICT_PROTOTYPES = YES;
				CLANG_WARN_SUSPICIOUS_MOVE = YES;
				CLANG_WARN_UNGUARDED_AVAILABILITY = YES_AGGRESSIVE;
				CLANG_WARN_UNREACHABLE_CODE = YES;
				CLANG_WARN__DUPLICATE_METHOD_MATCH = YES;
				COPY_PHASE_STRIP = NO;
				DEBUG_INFORMATION_FORMAT = dwarf;
				ENABLE_STRICT_OBJC_MSGSEND = YES;
				ENABLE_TESTABILITY = YES;
				GCC_C_LANGUAGE_STANDARD = gnu11;
				GCC_DYNAMIC_NO_PIC = NO;
				GCC_NO_COMMON_BLOCKS = YES;
				GCC_OPTIMIZATION_LEVEL = 0;
				GCC_PREPROCESSOR_DEFINITIONS = (
					"DEBUG=1",
					"$(inherited)",
				);
				GCC_WARN_64_TO_32_BIT_CONVERSION = YES;
				GCC_WARN_ABOUT_RETURN_TYPE = YES_ERROR;
				GCC_WARN_UNDECLARED_SELECTOR = YES;
				GCC_WARN_UNINITIALIZED_AUTOS = YES_AGGRESSIVE;
				GCC_WARN_UNUSED_FUNCTION = YES;
				GCC_WARN_UNUSED_VARIABLE = YES;
				IPHONEOS_DEPLOYMENT_TARGET = 14.4;
				MTL_ENABLE_DEBUG_INFO = INCLUDE_SOURCE;
				MTL_FAST_MATH = YES;
				ONLY_ACTIVE_ARCH = YES;
				SDKROOT = iphoneos;
				SWIFT_ACTIVE_COMPILATION_CONDITIONS = DEBUG;
				SWIFT_OPTIMIZATION_LEVEL = "-Onone";
			};
			name = Debug;
		};
		7329E9B625DD2DD100AA2085 /* Release */ = {
			isa = XCBuildConfiguration;
			buildSettings = {
				ALWAYS_SEARCH_USER_PATHS = NO;
				CLANG_ANALYZER_NONNULL = YES;
				CLANG_ANALYZER_NUMBER_OBJECT_CONVERSION = YES_AGGRESSIVE;
				CLANG_CXX_LANGUAGE_STANDARD = "gnu++14";
				CLANG_CXX_LIBRARY = "libc++";
				CLANG_ENABLE_MODULES = YES;
				CLANG_ENABLE_OBJC_ARC = YES;
				CLANG_ENABLE_OBJC_WEAK = YES;
				CLANG_WARN_BLOCK_CAPTURE_AUTORELEASING = YES;
				CLANG_WARN_BOOL_CONVERSION = YES;
				CLANG_WARN_COMMA = YES;
				CLANG_WARN_CONSTANT_CONVERSION = YES;
				CLANG_WARN_DEPRECATED_OBJC_IMPLEMENTATIONS = YES;
				CLANG_WARN_DIRECT_OBJC_ISA_USAGE = YES_ERROR;
				CLANG_WARN_DOCUMENTATION_COMMENTS = YES;
				CLANG_WARN_EMPTY_BODY = YES;
				CLANG_WARN_ENUM_CONVERSION = YES;
				CLANG_WARN_INFINITE_RECURSION = YES;
				CLANG_WARN_INT_CONVERSION = YES;
				CLANG_WARN_NON_LITERAL_NULL_CONVERSION = YES;
				CLANG_WARN_OBJC_IMPLICIT_RETAIN_SELF = YES;
				CLANG_WARN_OBJC_LITERAL_CONVERSION = YES;
				CLANG_WARN_OBJC_ROOT_CLASS = YES_ERROR;
				CLANG_WARN_QUOTED_INCLUDE_IN_FRAMEWORK_HEADER = YES;
				CLANG_WARN_RANGE_LOOP_ANALYSIS = YES;
				CLANG_WARN_STRICT_PROTOTYPES = YES;
				CLANG_WARN_SUSPICIOUS_MOVE = YES;
				CLANG_WARN_UNGUARDED_AVAILABILITY = YES_AGGRESSIVE;
				CLANG_WARN_UNREACHABLE_CODE = YES;
				CLANG_WARN__DUPLICATE_METHOD_MATCH = YES;
				COPY_PHASE_STRIP = NO;
				DEBUG_INFORMATION_FORMAT = "dwarf-with-dsym";
				ENABLE_NS_ASSERTIONS = NO;
				ENABLE_STRICT_OBJC_MSGSEND = YES;
				GCC_C_LANGUAGE_STANDARD = gnu11;
				GCC_NO_COMMON_BLOCKS = YES;
				GCC_WARN_64_TO_32_BIT_CONVERSION = YES;
				GCC_WARN_ABOUT_RETURN_TYPE = YES_ERROR;
				GCC_WARN_UNDECLARED_SELECTOR = YES;
				GCC_WARN_UNINITIALIZED_AUTOS = YES_AGGRESSIVE;
				GCC_WARN_UNUSED_FUNCTION = YES;
				GCC_WARN_UNUSED_VARIABLE = YES;
				IPHONEOS_DEPLOYMENT_TARGET = 14.4;
				MTL_ENABLE_DEBUG_INFO = NO;
				MTL_FAST_MATH = YES;
				SDKROOT = iphoneos;
				SWIFT_COMPILATION_MODE = wholemodule;
				SWIFT_OPTIMIZATION_LEVEL = "-O";
				VALIDATE_PRODUCT = YES;
			};
			name = Release;
		};
		7329E9B825DD2DD100AA2085 /* Debug */ = {
			isa = XCBuildConfiguration;
			buildSettings = {
				ASSETCATALOG_COMPILER_APPICON_NAME = AppIcon;
				ASSETCATALOG_COMPILER_GLOBAL_ACCENT_COLOR_NAME = AccentColor;
				CODE_SIGN_STYLE = Automatic;
				DEVELOPMENT_TEAM = Z9AX7BRZY5;
				INFOPLIST_FILE = SKlockrent/Info.plist;
				LD_RUNPATH_SEARCH_PATHS = (
					"$(inherited)",
					"@executable_path/Frameworks",
				);
				PRODUCT_BUNDLE_IDENTIFIER = net.deurell.SKlockrent;
				PRODUCT_NAME = "$(TARGET_NAME)";
				SWIFT_VERSION = 5.0;
				TARGETED_DEVICE_FAMILY = "1,2";
			};
			name = Debug;
		};
		7329E9B925DD2DD100AA2085 /* Release */ = {
			isa = XCBuildConfiguration;
			buildSettings = {
				ASSETCATALOG_COMPILER_APPICON_NAME = AppIcon;
				ASSETCATALOG_COMPILER_GLOBAL_ACCENT_COLOR_NAME = AccentColor;
				CODE_SIGN_STYLE = Automatic;
				DEVELOPMENT_TEAM = Z9AX7BRZY5;
				INFOPLIST_FILE = SKlockrent/Info.plist;
				LD_RUNPATH_SEARCH_PATHS = (
					"$(inherited)",
					"@executable_path/Frameworks",
				);
				PRODUCT_BUNDLE_IDENTIFIER = net.deurell.SKlockrent;
				PRODUCT_NAME = "$(TARGET_NAME)";
				SWIFT_VERSION = 5.0;
				TARGETED_DEVICE_FAMILY = "1,2";
			};
			name = Release;
		};
/* End XCBuildConfiguration section */

/* Begin XCConfigurationList section */
		7329E9A125DD2DD000AA2085 /* Build configuration list for PBXProject "SKlockrent" */ = {
			isa = XCConfigurationList;
			buildConfigurations = (
				7329E9B525DD2DD100AA2085 /* Debug */,
				7329E9B625DD2DD100AA2085 /* Release */,
			);
			defaultConfigurationIsVisible = 0;
			defaultConfigurationName = Release;
		};
		7329E9B725DD2DD100AA2085 /* Build configuration list for PBXNativeTarget "SKlockrent" */ = {
			isa = XCConfigurationList;
			buildConfigurations = (
				7329E9B825DD2DD100AA2085 /* Debug */,
				7329E9B925DD2DD100AA2085 /* Release */,
			);
			defaultConfigurationIsVisible = 0;
			defaultConfigurationName = Release;
		};
/* End XCConfigurationList section */
	};
	rootObject = 7329E99E25DD2DD000AA2085 /* Project object */;
}
